
Microsoft Visual Studio Solution File, Format Version 12.00
# Visual Studio Version 17
VisualStudioVersion = 17.4.33205.214
MinimumVisualStudioVersion = 15.0.26124.0
Project("{2150E333-8FDC-42A3-9474-1A3956D46DE8}") = "src", "src", "{C6FF6AE3-EE6B-4D53-B499-20AA6CC255B6}"
EndProject
Project("{9A19103F-16F7-4668-BE54-9A1E7A4F7556}") = "IdSever4.Admin", "src\IdSever4.Admin\IdSever4.Admin.csproj", "{1D4E2E15-43C1-47C2-ABBA-1D145FD5522F}"
EndProject
Project("{9A19103F-16F7-4668-BE54-9A1E7A4F7556}") = "IdSever4.STS.Identity", "src\IdSever4.STS.Identity\IdSever4.STS.Identity.csproj", "{66D0E0FA-A932-4089-A129-AF646D28C9E2}"
EndProject
Project("{9A19103F-16F7-4668-BE54-9A1E7A4F7556}") = "IdSever4.Admin.Api", "src\IdSever4.Admin.Api\IdSever4.Admin.Api.csproj", "{796628B8-8C3A-451E-9AC1-4611FCB3BE5B}"
EndProject
Project("{9A19103F-16F7-4668-BE54-9A1E7A4F7556}") = "IdSever4.Admin.EntityFramework.Shared", "src\IdSever4.Admin.EntityFramework.Shared\IdSever4.Admin.EntityFramework.Shared.csproj", "{22B47FC0-3AE0-47C4-816E-6B9CFBE08DC7}"
EndProject
Project("{9A19103F-16F7-4668-BE54-9A1E7A4F7556}") = "IdSever4.Admin.EntityFramework.MySql", "src\IdSever4.Admin.EntityFramework.MySql\IdSever4.Admin.EntityFramework.MySql.csproj", "{4E98C3C2-E1FD-4A5E-BABF-455554D2EDAB}"
EndProject
Project("{9A19103F-16F7-4668-BE54-9A1E7A4F7556}") = "IdSever4.Admin.EntityFramework.PostgreSQL", "src\IdSever4.Admin.EntityFramework.PostgreSQL\IdSever4.Admin.EntityFramework.PostgreSQL.csproj", "{10C58C7D-EDEE-4DE3-9322-A1C6268C2AAC}"
EndProject
Project("{9A19103F-16F7-4668-BE54-9A1E7A4F7556}") = "IdSever4.Admin.EntityFramework.SqlServer", "src\IdSever4.Admin.EntityFramework.SqlServer\IdSever4.Admin.EntityFramework.SqlServer.csproj", "{EC5D2E7C-D0F1-40DC-A5E6-513148E489CB}"
EndProject
Project("{9A19103F-16F7-4668-BE54-9A1E7A4F7556}") = "IdSever4.Shared", "src\IdSever4.Shared\IdSever4.Shared.csproj", "{26031835-460A-4D31-BD2C-A602F879FFB9}"
EndProject
Project("{2150E333-8FDC-42A3-9474-1A3956D46DE8}") = "admin", "admin", "{3B36E5DF-ADA1-41F1-8A15-35A23D32BC68}"
EndProject
Project("{2150E333-8FDC-42A3-9474-1A3956D46DE8}") = "ef", "ef", "{3EAD52F3-82BE-4293-A518-E516E8096CBD}"
EndProject
Project("{2150E333-8FDC-42A3-9474-1A3956D46DE8}") = "shared", "shared", "{7EB868DD-CFDF-44D9-BC14-B1A4F0A1E808}"
EndProject
Project("{2150E333-8FDC-42A3-9474-1A3956D46DE8}") = "sts", "sts", "{0596FB0A-58AB-4834-990B-57411DB27940}"
EndProject
Project("{2150E333-8FDC-42A3-9474-1A3956D46DE8}") = "services", "services", "{7B7D66CB-8E6A-493C-BDBD-06D6E3E5C994}"
EndProject
Project("{2150E333-8FDC-42A3-9474-1A3956D46DE8}") = "clients", "clients", "{D37B73E8-9077-49E1-B454-B6714F744BA2}"
EndProject
Project("{2150E333-8FDC-42A3-9474-1A3956D46DE8}") = "catalog", "catalog", "{0F2CDA73-2973-4104-BB3E-14F99A06C02F}"
EndProject
Project("{9A19103F-16F7-4668-BE54-9A1E7A4F7556}") = "API.Catalog.Core", "src\Services\Catalog\API.Catalog.Core\API.Catalog.Core.csproj", "{5DE3DE2A-7989-45AE-8B9B-4903F5800B50}"
EndProject
Project("{9A19103F-16F7-4668-BE54-9A1E7A4F7556}") = "API.Catalog.Infrastructure", "src\Services\Catalog\API.Catalog.Infrastructure\API.Catalog.Infrastructure.csproj", "{AC97C34B-C56A-4B99-B224-6CBFF12F21FF}"
EndProject
Project("{9A19103F-16F7-4668-BE54-9A1E7A4F7556}") = "API.Catalog", "src\Services\Catalog\API.Catalog\API.Catalog.csproj", "{84C30056-B334-4825-817D-3999F5934B0A}"
EndProject
Project("{9A19103F-16F7-4668-BE54-9A1E7A4F7556}") = "Client.ConsoleApp", "src\Clients\Client.ConsoleApp\Client.ConsoleApp.csproj", "{A82C1F45-0BBD-4479-94B6-AF00FE454A00}"
EndProject
Project("{9A19103F-16F7-4668-BE54-9A1E7A4F7556}") = "Client.Web.MVC", "src\Clients\Client.Web.MVC\Client.Web.MVC.csproj", "{A4F240D9-0E59-46F6-8E5C-34AFB525744C}"
EndProject
Project("{2150E333-8FDC-42A3-9474-1A3956D46DE8}") = "resources", "resources", "{07D08292-3EEC-49A9-8AF6-48AB1FC2BEBF}"
EndProject
Project("{FAE04EC0-301F-11D3-BF4B-00C04F79EFBC}") = "API.Resources", "src\Services\Resources\API.Resources\API.Resources.csproj", "{8BDECEE3-20BC-4D91-BDED-8FD38071E577}"
EndProject
Project("{FAE04EC0-301F-11D3-BF4B-00C04F79EFBC}") = "API.Resources.Core", "src\Services\Resources\API.Resources.Core\API.Resources.Core.csproj", "{7BDE90E3-F8AD-4A01-BC42-F5DF88611DC3}"
EndProject
Project("{FAE04EC0-301F-11D3-BF4B-00C04F79EFBC}") = "API.Resources.Infrastructure", "src\Services\Resources\API.Resources.Infrastructure\API.Resources.Infrastructure.csproj", "{F564B6C1-DBAC-48B3-AC5C-B33BFDDC5DD9}"
EndProject
Global
	GlobalSection(SolutionConfigurationPlatforms) = preSolution
		Debug|Any CPU = Debug|Any CPU
		Debug|x64 = Debug|x64
		Debug|x86 = Debug|x86
		Release|Any CPU = Release|Any CPU
		Release|x64 = Release|x64
		Release|x86 = Release|x86
	EndGlobalSection
	GlobalSection(ProjectConfigurationPlatforms) = postSolution
		{1D4E2E15-43C1-47C2-ABBA-1D145FD5522F}.Debug|Any CPU.ActiveCfg = Debug|Any CPU
		{1D4E2E15-43C1-47C2-ABBA-1D145FD5522F}.Debug|Any CPU.Build.0 = Debug|Any CPU
		{1D4E2E15-43C1-47C2-ABBA-1D145FD5522F}.Debug|x64.ActiveCfg = Debug|Any CPU
		{1D4E2E15-43C1-47C2-ABBA-1D145FD5522F}.Debug|x64.Build.0 = Debug|Any CPU
		{1D4E2E15-43C1-47C2-ABBA-1D145FD5522F}.Debug|x86.ActiveCfg = Debug|Any CPU
		{1D4E2E15-43C1-47C2-ABBA-1D145FD5522F}.Debug|x86.Build.0 = Debug|Any CPU
		{1D4E2E15-43C1-47C2-ABBA-1D145FD5522F}.Release|Any CPU.ActiveCfg = Release|Any CPU
		{1D4E2E15-43C1-47C2-ABBA-1D145FD5522F}.Release|Any CPU.Build.0 = Release|Any CPU
		{1D4E2E15-43C1-47C2-ABBA-1D145FD5522F}.Release|x64.ActiveCfg = Release|Any CPU
		{1D4E2E15-43C1-47C2-ABBA-1D145FD5522F}.Release|x64.Build.0 = Release|Any CPU
		{1D4E2E15-43C1-47C2-ABBA-1D145FD5522F}.Release|x86.ActiveCfg = Release|Any CPU
		{1D4E2E15-43C1-47C2-ABBA-1D145FD5522F}.Release|x86.Build.0 = Release|Any CPU
		{66D0E0FA-A932-4089-A129-AF646D28C9E2}.Debug|Any CPU.ActiveCfg = Debug|Any CPU
		{66D0E0FA-A932-4089-A129-AF646D28C9E2}.Debug|Any CPU.Build.0 = Debug|Any CPU
		{66D0E0FA-A932-4089-A129-AF646D28C9E2}.Debug|x64.ActiveCfg = Debug|Any CPU
		{66D0E0FA-A932-4089-A129-AF646D28C9E2}.Debug|x64.Build.0 = Debug|Any CPU
		{66D0E0FA-A932-4089-A129-AF646D28C9E2}.Debug|x86.ActiveCfg = Debug|Any CPU
		{66D0E0FA-A932-4089-A129-AF646D28C9E2}.Debug|x86.Build.0 = Debug|Any CPU
		{66D0E0FA-A932-4089-A129-AF646D28C9E2}.Release|Any CPU.ActiveCfg = Release|Any CPU
		{66D0E0FA-A932-4089-A129-AF646D28C9E2}.Release|Any CPU.Build.0 = Release|Any CPU
		{66D0E0FA-A932-4089-A129-AF646D28C9E2}.Release|x64.ActiveCfg = Release|Any CPU
		{66D0E0FA-A932-4089-A129-AF646D28C9E2}.Release|x64.Build.0 = Release|Any CPU
		{66D0E0FA-A932-4089-A129-AF646D28C9E2}.Release|x86.ActiveCfg = Release|Any CPU
		{66D0E0FA-A932-4089-A129-AF646D28C9E2}.Release|x86.Build.0 = Release|Any CPU
		{796628B8-8C3A-451E-9AC1-4611FCB3BE5B}.Debug|Any CPU.ActiveCfg = Debug|Any CPU
		{796628B8-8C3A-451E-9AC1-4611FCB3BE5B}.Debug|Any CPU.Build.0 = Debug|Any CPU
		{796628B8-8C3A-451E-9AC1-4611FCB3BE5B}.Debug|x64.ActiveCfg = Debug|Any CPU
		{796628B8-8C3A-451E-9AC1-4611FCB3BE5B}.Debug|x64.Build.0 = Debug|Any CPU
		{796628B8-8C3A-451E-9AC1-4611FCB3BE5B}.Debug|x86.ActiveCfg = Debug|Any CPU
		{796628B8-8C3A-451E-9AC1-4611FCB3BE5B}.Debug|x86.Build.0 = Debug|Any CPU
		{796628B8-8C3A-451E-9AC1-4611FCB3BE5B}.Release|Any CPU.ActiveCfg = Release|Any CPU
		{796628B8-8C3A-451E-9AC1-4611FCB3BE5B}.Release|Any CPU.Build.0 = Release|Any CPU
		{796628B8-8C3A-451E-9AC1-4611FCB3BE5B}.Release|x64.ActiveCfg = Release|Any CPU
		{796628B8-8C3A-451E-9AC1-4611FCB3BE5B}.Release|x64.Build.0 = Release|Any CPU
		{796628B8-8C3A-451E-9AC1-4611FCB3BE5B}.Release|x86.ActiveCfg = Release|Any CPU
		{796628B8-8C3A-451E-9AC1-4611FCB3BE5B}.Release|x86.Build.0 = Release|Any CPU
		{22B47FC0-3AE0-47C4-816E-6B9CFBE08DC7}.Debug|Any CPU.ActiveCfg = Debug|Any CPU
		{22B47FC0-3AE0-47C4-816E-6B9CFBE08DC7}.Debug|Any CPU.Build.0 = Debug|Any CPU
		{22B47FC0-3AE0-47C4-816E-6B9CFBE08DC7}.Debug|x64.ActiveCfg = Debug|Any CPU
		{22B47FC0-3AE0-47C4-816E-6B9CFBE08DC7}.Debug|x64.Build.0 = Debug|Any CPU
		{22B47FC0-3AE0-47C4-816E-6B9CFBE08DC7}.Debug|x86.ActiveCfg = Debug|Any CPU
		{22B47FC0-3AE0-47C4-816E-6B9CFBE08DC7}.Debug|x86.Build.0 = Debug|Any CPU
		{22B47FC0-3AE0-47C4-816E-6B9CFBE08DC7}.Release|Any CPU.ActiveCfg = Release|Any CPU
		{22B47FC0-3AE0-47C4-816E-6B9CFBE08DC7}.Release|Any CPU.Build.0 = Release|Any CPU
		{22B47FC0-3AE0-47C4-816E-6B9CFBE08DC7}.Release|x64.ActiveCfg = Release|Any CPU
		{22B47FC0-3AE0-47C4-816E-6B9CFBE08DC7}.Release|x64.Build.0 = Release|Any CPU
		{22B47FC0-3AE0-47C4-816E-6B9CFBE08DC7}.Release|x86.ActiveCfg = Release|Any CPU
		{22B47FC0-3AE0-47C4-816E-6B9CFBE08DC7}.Release|x86.Build.0 = Release|Any CPU
		{4E98C3C2-E1FD-4A5E-BABF-455554D2EDAB}.Debug|Any CPU.ActiveCfg = Debug|Any CPU
		{4E98C3C2-E1FD-4A5E-BABF-455554D2EDAB}.Debug|Any CPU.Build.0 = Debug|Any CPU
		{4E98C3C2-E1FD-4A5E-BABF-455554D2EDAB}.Debug|x64.ActiveCfg = Debug|Any CPU
		{4E98C3C2-E1FD-4A5E-BABF-455554D2EDAB}.Debug|x64.Build.0 = Debug|Any CPU
		{4E98C3C2-E1FD-4A5E-BABF-455554D2EDAB}.Debug|x86.ActiveCfg = Debug|Any CPU
		{4E98C3C2-E1FD-4A5E-BABF-455554D2EDAB}.Debug|x86.Build.0 = Debug|Any CPU
		{4E98C3C2-E1FD-4A5E-BABF-455554D2EDAB}.Release|Any CPU.ActiveCfg = Release|Any CPU
		{4E98C3C2-E1FD-4A5E-BABF-455554D2EDAB}.Release|Any CPU.Build.0 = Release|Any CPU
		{4E98C3C2-E1FD-4A5E-BABF-455554D2EDAB}.Release|x64.ActiveCfg = Release|Any CPU
		{4E98C3C2-E1FD-4A5E-BABF-455554D2EDAB}.Release|x64.Build.0 = Release|Any CPU
		{4E98C3C2-E1FD-4A5E-BABF-455554D2EDAB}.Release|x86.ActiveCfg = Release|Any CPU
		{4E98C3C2-E1FD-4A5E-BABF-455554D2EDAB}.Release|x86.Build.0 = Release|Any CPU
		{10C58C7D-EDEE-4DE3-9322-A1C6268C2AAC}.Debug|Any CPU.ActiveCfg = Debug|Any CPU
		{10C58C7D-EDEE-4DE3-9322-A1C6268C2AAC}.Debug|Any CPU.Build.0 = Debug|Any CPU
		{10C58C7D-EDEE-4DE3-9322-A1C6268C2AAC}.Debug|x64.ActiveCfg = Debug|Any CPU
		{10C58C7D-EDEE-4DE3-9322-A1C6268C2AAC}.Debug|x64.Build.0 = Debug|Any CPU
		{10C58C7D-EDEE-4DE3-9322-A1C6268C2AAC}.Debug|x86.ActiveCfg = Debug|Any CPU
		{10C58C7D-EDEE-4DE3-9322-A1C6268C2AAC}.Debug|x86.Build.0 = Debug|Any CPU
		{10C58C7D-EDEE-4DE3-9322-A1C6268C2AAC}.Release|Any CPU.ActiveCfg = Release|Any CPU
		{10C58C7D-EDEE-4DE3-9322-A1C6268C2AAC}.Release|Any CPU.Build.0 = Release|Any CPU
		{10C58C7D-EDEE-4DE3-9322-A1C6268C2AAC}.Release|x64.ActiveCfg = Release|Any CPU
		{10C58C7D-EDEE-4DE3-9322-A1C6268C2AAC}.Release|x64.Build.0 = Release|Any CPU
		{10C58C7D-EDEE-4DE3-9322-A1C6268C2AAC}.Release|x86.ActiveCfg = Release|Any CPU
		{10C58C7D-EDEE-4DE3-9322-A1C6268C2AAC}.Release|x86.Build.0 = Release|Any CPU
		{EC5D2E7C-D0F1-40DC-A5E6-513148E489CB}.Debug|Any CPU.ActiveCfg = Debug|Any CPU
		{EC5D2E7C-D0F1-40DC-A5E6-513148E489CB}.Debug|Any CPU.Build.0 = Debug|Any CPU
		{EC5D2E7C-D0F1-40DC-A5E6-513148E489CB}.Debug|x64.ActiveCfg = Debug|Any CPU
		{EC5D2E7C-D0F1-40DC-A5E6-513148E489CB}.Debug|x64.Build.0 = Debug|Any CPU
		{EC5D2E7C-D0F1-40DC-A5E6-513148E489CB}.Debug|x86.ActiveCfg = Debug|Any CPU
		{EC5D2E7C-D0F1-40DC-A5E6-513148E489CB}.Debug|x86.Build.0 = Debug|Any CPU
		{EC5D2E7C-D0F1-40DC-A5E6-513148E489CB}.Release|Any CPU.ActiveCfg = Release|Any CPU
		{EC5D2E7C-D0F1-40DC-A5E6-513148E489CB}.Release|Any CPU.Build.0 = Release|Any CPU
		{EC5D2E7C-D0F1-40DC-A5E6-513148E489CB}.Release|x64.ActiveCfg = Release|Any CPU
		{EC5D2E7C-D0F1-40DC-A5E6-513148E489CB}.Release|x64.Build.0 = Release|Any CPU
		{EC5D2E7C-D0F1-40DC-A5E6-513148E489CB}.Release|x86.ActiveCfg = Release|Any CPU
		{EC5D2E7C-D0F1-40DC-A5E6-513148E489CB}.Release|x86.Build.0 = Release|Any CPU
		{26031835-460A-4D31-BD2C-A602F879FFB9}.Debug|Any CPU.ActiveCfg = Debug|Any CPU
		{26031835-460A-4D31-BD2C-A602F879FFB9}.Debug|Any CPU.Build.0 = Debug|Any CPU
		{26031835-460A-4D31-BD2C-A602F879FFB9}.Debug|x64.ActiveCfg = Debug|Any CPU
		{26031835-460A-4D31-BD2C-A602F879FFB9}.Debug|x64.Build.0 = Debug|Any CPU
		{26031835-460A-4D31-BD2C-A602F879FFB9}.Debug|x86.ActiveCfg = Debug|Any CPU
		{26031835-460A-4D31-BD2C-A602F879FFB9}.Debug|x86.Build.0 = Debug|Any CPU
		{26031835-460A-4D31-BD2C-A602F879FFB9}.Release|Any CPU.ActiveCfg = Release|Any CPU
		{26031835-460A-4D31-BD2C-A602F879FFB9}.Release|Any CPU.Build.0 = Release|Any CPU
		{26031835-460A-4D31-BD2C-A602F879FFB9}.Release|x64.ActiveCfg = Release|Any CPU
		{26031835-460A-4D31-BD2C-A602F879FFB9}.Release|x64.Build.0 = Release|Any CPU
		{26031835-460A-4D31-BD2C-A602F879FFB9}.Release|x86.ActiveCfg = Release|Any CPU
		{26031835-460A-4D31-BD2C-A602F879FFB9}.Release|x86.Build.0 = Release|Any CPU
		{5DE3DE2A-7989-45AE-8B9B-4903F5800B50}.Debug|Any CPU.ActiveCfg = Debug|Any CPU
		{5DE3DE2A-7989-45AE-8B9B-4903F5800B50}.Debug|Any CPU.Build.0 = Debug|Any CPU
		{5DE3DE2A-7989-45AE-8B9B-4903F5800B50}.Debug|x64.ActiveCfg = Debug|Any CPU
		{5DE3DE2A-7989-45AE-8B9B-4903F5800B50}.Debug|x64.Build.0 = Debug|Any CPU
		{5DE3DE2A-7989-45AE-8B9B-4903F5800B50}.Debug|x86.ActiveCfg = Debug|Any CPU
		{5DE3DE2A-7989-45AE-8B9B-4903F5800B50}.Debug|x86.Build.0 = Debug|Any CPU
		{5DE3DE2A-7989-45AE-8B9B-4903F5800B50}.Release|Any CPU.ActiveCfg = Release|Any CPU
		{5DE3DE2A-7989-45AE-8B9B-4903F5800B50}.Release|Any CPU.Build.0 = Release|Any CPU
		{5DE3DE2A-7989-45AE-8B9B-4903F5800B50}.Release|x64.ActiveCfg = Release|Any CPU
		{5DE3DE2A-7989-45AE-8B9B-4903F5800B50}.Release|x64.Build.0 = Release|Any CPU
		{5DE3DE2A-7989-45AE-8B9B-4903F5800B50}.Release|x86.ActiveCfg = Release|Any CPU
		{5DE3DE2A-7989-45AE-8B9B-4903F5800B50}.Release|x86.Build.0 = Release|Any CPU
		{AC97C34B-C56A-4B99-B224-6CBFF12F21FF}.Debug|Any CPU.ActiveCfg = Debug|Any CPU
		{AC97C34B-C56A-4B99-B224-6CBFF12F21FF}.Debug|Any CPU.Build.0 = Debug|Any CPU
		{AC97C34B-C56A-4B99-B224-6CBFF12F21FF}.Debug|x64.ActiveCfg = Debug|Any CPU
		{AC97C34B-C56A-4B99-B224-6CBFF12F21FF}.Debug|x64.Build.0 = Debug|Any CPU
		{AC97C34B-C56A-4B99-B224-6CBFF12F21FF}.Debug|x86.ActiveCfg = Debug|Any CPU
		{AC97C34B-C56A-4B99-B224-6CBFF12F21FF}.Debug|x86.Build.0 = Debug|Any CPU
		{AC97C34B-C56A-4B99-B224-6CBFF12F21FF}.Release|Any CPU.ActiveCfg = Release|Any CPU
		{AC97C34B-C56A-4B99-B224-6CBFF12F21FF}.Release|Any CPU.Build.0 = Release|Any CPU
		{AC97C34B-C56A-4B99-B224-6CBFF12F21FF}.Release|x64.ActiveCfg = Release|Any CPU
		{AC97C34B-C56A-4B99-B224-6CBFF12F21FF}.Release|x64.Build.0 = Release|Any CPU
		{AC97C34B-C56A-4B99-B224-6CBFF12F21FF}.Release|x86.ActiveCfg = Release|Any CPU
		{AC97C34B-C56A-4B99-B224-6CBFF12F21FF}.Release|x86.Build.0 = Release|Any CPU
		{84C30056-B334-4825-817D-3999F5934B0A}.Debug|Any CPU.ActiveCfg = Debug|Any CPU
		{84C30056-B334-4825-817D-3999F5934B0A}.Debug|Any CPU.Build.0 = Debug|Any CPU
		{84C30056-B334-4825-817D-3999F5934B0A}.Debug|x64.ActiveCfg = Debug|Any CPU
		{84C30056-B334-4825-817D-3999F5934B0A}.Debug|x64.Build.0 = Debug|Any CPU
		{84C30056-B334-4825-817D-3999F5934B0A}.Debug|x86.ActiveCfg = Debug|Any CPU
		{84C30056-B334-4825-817D-3999F5934B0A}.Debug|x86.Build.0 = Debug|Any CPU
		{84C30056-B334-4825-817D-3999F5934B0A}.Release|Any CPU.ActiveCfg = Release|Any CPU
		{84C30056-B334-4825-817D-3999F5934B0A}.Release|Any CPU.Build.0 = Release|Any CPU
		{84C30056-B334-4825-817D-3999F5934B0A}.Release|x64.ActiveCfg = Release|Any CPU
		{84C30056-B334-4825-817D-3999F5934B0A}.Release|x64.Build.0 = Release|Any CPU
		{84C30056-B334-4825-817D-3999F5934B0A}.Release|x86.ActiveCfg = Release|Any CPU
		{84C30056-B334-4825-817D-3999F5934B0A}.Release|x86.Build.0 = Release|Any CPU
		{A82C1F45-0BBD-4479-94B6-AF00FE454A00}.Debug|Any CPU.ActiveCfg = Debug|Any CPU
		{A82C1F45-0BBD-4479-94B6-AF00FE454A00}.Debug|Any CPU.Build.0 = Debug|Any CPU
		{A82C1F45-0BBD-4479-94B6-AF00FE454A00}.Debug|x64.ActiveCfg = Debug|Any CPU
		{A82C1F45-0BBD-4479-94B6-AF00FE454A00}.Debug|x64.Build.0 = Debug|Any CPU
		{A82C1F45-0BBD-4479-94B6-AF00FE454A00}.Debug|x86.ActiveCfg = Debug|Any CPU
		{A82C1F45-0BBD-4479-94B6-AF00FE454A00}.Debug|x86.Build.0 = Debug|Any CPU
		{A82C1F45-0BBD-4479-94B6-AF00FE454A00}.Release|Any CPU.ActiveCfg = Release|Any CPU
		{A82C1F45-0BBD-4479-94B6-AF00FE454A00}.Release|Any CPU.Build.0 = Release|Any CPU
		{A82C1F45-0BBD-4479-94B6-AF00FE454A00}.Release|x64.ActiveCfg = Release|Any CPU
		{A82C1F45-0BBD-4479-94B6-AF00FE454A00}.Release|x64.Build.0 = Release|Any CPU
		{A82C1F45-0BBD-4479-94B6-AF00FE454A00}.Release|x86.ActiveCfg = Release|Any CPU
		{A82C1F45-0BBD-4479-94B6-AF00FE454A00}.Release|x86.Build.0 = Release|Any CPU
		{A4F240D9-0E59-46F6-8E5C-34AFB525744C}.Debug|Any CPU.ActiveCfg = Debug|Any CPU
		{A4F240D9-0E59-46F6-8E5C-34AFB525744C}.Debug|Any CPU.Build.0 = Debug|Any CPU
		{A4F240D9-0E59-46F6-8E5C-34AFB525744C}.Debug|x64.ActiveCfg = Debug|Any CPU
		{A4F240D9-0E59-46F6-8E5C-34AFB525744C}.Debug|x64.Build.0 = Debug|Any CPU
		{A4F240D9-0E59-46F6-8E5C-34AFB525744C}.Debug|x86.ActiveCfg = Debug|Any CPU
		{A4F240D9-0E59-46F6-8E5C-34AFB525744C}.Debug|x86.Build.0 = Debug|Any CPU
		{A4F240D9-0E59-46F6-8E5C-34AFB525744C}.Release|Any CPU.ActiveCfg = Release|Any CPU
		{A4F240D9-0E59-46F6-8E5C-34AFB525744C}.Release|Any CPU.Build.0 = Release|Any CPU
		{A4F240D9-0E59-46F6-8E5C-34AFB525744C}.Release|x64.ActiveCfg = Release|Any CPU
		{A4F240D9-0E59-46F6-8E5C-34AFB525744C}.Release|x64.Build.0 = Release|Any CPU
		{A4F240D9-0E59-46F6-8E5C-34AFB525744C}.Release|x86.ActiveCfg = Release|Any CPU
		{A4F240D9-0E59-46F6-8E5C-34AFB525744C}.Release|x86.Build.0 = Release|Any CPU
		{8BDECEE3-20BC-4D91-BDED-8FD38071E577}.Debug|Any CPU.ActiveCfg = Debug|Any CPU
		{8BDECEE3-20BC-4D91-BDED-8FD38071E577}.Debug|Any CPU.Build.0 = Debug|Any CPU
		{8BDECEE3-20BC-4D91-BDED-8FD38071E577}.Debug|x64.ActiveCfg = Debug|Any CPU
		{8BDECEE3-20BC-4D91-BDED-8FD38071E577}.Debug|x64.Build.0 = Debug|Any CPU
		{8BDECEE3-20BC-4D91-BDED-8FD38071E577}.Debug|x86.ActiveCfg = Debug|Any CPU
		{8BDECEE3-20BC-4D91-BDED-8FD38071E577}.Debug|x86.Build.0 = Debug|Any CPU
		{8BDECEE3-20BC-4D91-BDED-8FD38071E577}.Release|Any CPU.ActiveCfg = Release|Any CPU
		{8BDECEE3-20BC-4D91-BDED-8FD38071E577}.Release|Any CPU.Build.0 = Release|Any CPU
		{8BDECEE3-20BC-4D91-BDED-8FD38071E577}.Release|x64.ActiveCfg = Release|Any CPU
		{8BDECEE3-20BC-4D91-BDED-8FD38071E577}.Release|x64.Build.0 = Release|Any CPU
		{8BDECEE3-20BC-4D91-BDED-8FD38071E577}.Release|x86.ActiveCfg = Release|Any CPU
		{8BDECEE3-20BC-4D91-BDED-8FD38071E577}.Release|x86.Build.0 = Release|Any CPU
		{7BDE90E3-F8AD-4A01-BC42-F5DF88611DC3}.Debug|Any CPU.ActiveCfg = Debug|Any CPU
		{7BDE90E3-F8AD-4A01-BC42-F5DF88611DC3}.Debug|Any CPU.Build.0 = Debug|Any CPU
		{7BDE90E3-F8AD-4A01-BC42-F5DF88611DC3}.Debug|x64.ActiveCfg = Debug|Any CPU
		{7BDE90E3-F8AD-4A01-BC42-F5DF88611DC3}.Debug|x64.Build.0 = Debug|Any CPU
		{7BDE90E3-F8AD-4A01-BC42-F5DF88611DC3}.Debug|x86.ActiveCfg = Debug|Any CPU
		{7BDE90E3-F8AD-4A01-BC42-F5DF88611DC3}.Debug|x86.Build.0 = Debug|Any CPU
		{7BDE90E3-F8AD-4A01-BC42-F5DF88611DC3}.Release|Any CPU.ActiveCfg = Release|Any CPU
		{7BDE90E3-F8AD-4A01-BC42-F5DF88611DC3}.Release|Any CPU.Build.0 = Release|Any CPU
		{7BDE90E3-F8AD-4A01-BC42-F5DF88611DC3}.Release|x64.ActiveCfg = Release|Any CPU
		{7BDE90E3-F8AD-4A01-BC42-F5DF88611DC3}.Release|x64.Build.0 = Release|Any CPU
		{7BDE90E3-F8AD-4A01-BC42-F5DF88611DC3}.Release|x86.ActiveCfg = Release|Any CPU
		{7BDE90E3-F8AD-4A01-BC42-F5DF88611DC3}.Release|x86.Build.0 = Release|Any CPU
		{F564B6C1-DBAC-48B3-AC5C-B33BFDDC5DD9}.Debug|Any CPU.ActiveCfg = Debug|Any CPU
		{F564B6C1-DBAC-48B3-AC5C-B33BFDDC5DD9}.Debug|Any CPU.Build.0 = Debug|Any CPU
		{F564B6C1-DBAC-48B3-AC5C-B33BFDDC5DD9}.Debug|x64.ActiveCfg = Debug|Any CPU
		{F564B6C1-DBAC-48B3-AC5C-B33BFDDC5DD9}.Debug|x64.Build.0 = Debug|Any CPU
		{F564B6C1-DBAC-48B3-AC5C-B33BFDDC5DD9}.Debug|x86.ActiveCfg = Debug|Any CPU
		{F564B6C1-DBAC-48B3-AC5C-B33BFDDC5DD9}.Debug|x86.Build.0 = Debug|Any CPU
		{F564B6C1-DBAC-48B3-AC5C-B33BFDDC5DD9}.Release|Any CPU.ActiveCfg = Release|Any CPU
		{F564B6C1-DBAC-48B3-AC5C-B33BFDDC5DD9}.Release|Any CPU.Build.0 = Release|Any CPU
		{F564B6C1-DBAC-48B3-AC5C-B33BFDDC5DD9}.Release|x64.ActiveCfg = Release|Any CPU
		{F564B6C1-DBAC-48B3-AC5C-B33BFDDC5DD9}.Release|x64.Build.0 = Release|Any CPU
		{F564B6C1-DBAC-48B3-AC5C-B33BFDDC5DD9}.Release|x86.ActiveCfg = Release|Any CPU
		{F564B6C1-DBAC-48B3-AC5C-B33BFDDC5DD9}.Release|x86.Build.0 = Release|Any CPU
	EndGlobalSection
	GlobalSection(SolutionProperties) = preSolution
		HideSolutionNode = FALSE
	EndGlobalSection
	GlobalSection(NestedProjects) = preSolution
		{1D4E2E15-43C1-47C2-ABBA-1D145FD5522F} = {3B36E5DF-ADA1-41F1-8A15-35A23D32BC68}
		{66D0E0FA-A932-4089-A129-AF646D28C9E2} = {0596FB0A-58AB-4834-990B-57411DB27940}
		{796628B8-8C3A-451E-9AC1-4611FCB3BE5B} = {3B36E5DF-ADA1-41F1-8A15-35A23D32BC68}
		{22B47FC0-3AE0-47C4-816E-6B9CFBE08DC7} = {3EAD52F3-82BE-4293-A518-E516E8096CBD}
		{4E98C3C2-E1FD-4A5E-BABF-455554D2EDAB} = {3EAD52F3-82BE-4293-A518-E516E8096CBD}
		{10C58C7D-EDEE-4DE3-9322-A1C6268C2AAC} = {3EAD52F3-82BE-4293-A518-E516E8096CBD}
		{EC5D2E7C-D0F1-40DC-A5E6-513148E489CB} = {3EAD52F3-82BE-4293-A518-E516E8096CBD}
		{26031835-460A-4D31-BD2C-A602F879FFB9} = {7EB868DD-CFDF-44D9-BC14-B1A4F0A1E808}
		{3B36E5DF-ADA1-41F1-8A15-35A23D32BC68} = {C6FF6AE3-EE6B-4D53-B499-20AA6CC255B6}
		{3EAD52F3-82BE-4293-A518-E516E8096CBD} = {C6FF6AE3-EE6B-4D53-B499-20AA6CC255B6}
		{7EB868DD-CFDF-44D9-BC14-B1A4F0A1E808} = {C6FF6AE3-EE6B-4D53-B499-20AA6CC255B6}
		{0596FB0A-58AB-4834-990B-57411DB27940} = {C6FF6AE3-EE6B-4D53-B499-20AA6CC255B6}
		{7B7D66CB-8E6A-493C-BDBD-06D6E3E5C994} = {C6FF6AE3-EE6B-4D53-B499-20AA6CC255B6}
		{D37B73E8-9077-49E1-B454-B6714F744BA2} = {C6FF6AE3-EE6B-4D53-B499-20AA6CC255B6}
		{0F2CDA73-2973-4104-BB3E-14F99A06C02F} = {7B7D66CB-8E6A-493C-BDBD-06D6E3E5C994}
		{5DE3DE2A-7989-45AE-8B9B-4903F5800B50} = {0F2CDA73-2973-4104-BB3E-14F99A06C02F}
		{AC97C34B-C56A-4B99-B224-6CBFF12F21FF} = {0F2CDA73-2973-4104-BB3E-14F99A06C02F}
		{84C30056-B334-4825-817D-3999F5934B0A} = {0F2CDA73-2973-4104-BB3E-14F99A06C02F}
		{A82C1F45-0BBD-4479-94B6-AF00FE454A00} = {D37B73E8-9077-49E1-B454-B6714F744BA2}
		{A4F240D9-0E59-46F6-8E5C-34AFB525744C} = {D37B73E8-9077-49E1-B454-B6714F744BA2}
		{07D08292-3EEC-49A9-8AF6-48AB1FC2BEBF} = {7B7D66CB-8E6A-493C-BDBD-06D6E3E5C994}
		{8BDECEE3-20BC-4D91-BDED-8FD38071E577} = {07D08292-3EEC-49A9-8AF6-48AB1FC2BEBF}
		{7BDE90E3-F8AD-4A01-BC42-F5DF88611DC3} = {07D08292-3EEC-49A9-8AF6-48AB1FC2BEBF}
		{F564B6C1-DBAC-48B3-AC5C-B33BFDDC5DD9} = {07D08292-3EEC-49A9-8AF6-48AB1FC2BEBF}
	EndGlobalSection
	GlobalSection(ExtensibilityGlobals) = postSolution
		SolutionGuid = {E6238312-C6E7-465D-93B6-82BF9EFCCBD7}
	EndGlobalSection
EndGlobal
